// !$*UTF8*$!
{
	archiveVersion = 1;
	classes = {
	};
	objectVersion = 55;
	objects = {

/* Begin PBXBuildFile section */
		1B08ED3A291AB6D800DD99F7 /* TravelPlanningAppApp.swift in Sources */ = {isa = PBXBuildFile; fileRef = 1B08ED39291AB6D800DD99F7 /* TravelPlanningAppApp.swift */; };
		1B08ED3E291AB6D900DD99F7 /* Assets.xcassets in Resources */ = {isa = PBXBuildFile; fileRef = 1B08ED3D291AB6D900DD99F7 /* Assets.xcassets */; };
		1B08ED41291AB6D900DD99F7 /* Preview Assets.xcassets in Resources */ = {isa = PBXBuildFile; fileRef = 1B08ED40291AB6D900DD99F7 /* Preview Assets.xcassets */; };
		1B08ED4B291ABE0600DD99F7 /* CalendarView.swift in Sources */ = {isa = PBXBuildFile; fileRef = 1B08ED4A291ABE0600DD99F7 /* CalendarView.swift */; };
		1B08ED4D291ABE1E00DD99F7 /* CreateActivityView.swift in Sources */ = {isa = PBXBuildFile; fileRef = 1B08ED4C291ABE1E00DD99F7 /* CreateActivityView.swift */; };
		1B08ED4F291ABE3300DD99F7 /* HomepageView.swift in Sources */ = {isa = PBXBuildFile; fileRef = 1B08ED4E291ABE3300DD99F7 /* HomepageView.swift */; };
		1B08ED51291AC35E00DD99F7 /* ActivityView.swift in Sources */ = {isa = PBXBuildFile; fileRef = 1B08ED50291AC35E00DD99F7 /* ActivityView.swift */; };
		1B281720291AE637001708F7 /* TripModel.swift in Sources */ = {isa = PBXBuildFile; fileRef = 1B28171F291AE637001708F7 /* TripModel.swift */; };
		1BB0468C291FE7EB00F8F949 /* CreateTripView.swift in Sources */ = {isa = PBXBuildFile; fileRef = 1BB0468B291FE7EB00F8F949 /* CreateTripView.swift */; };
		1BB04692292015EF00F8F949 /* DayModel.swift in Sources */ = {isa = PBXBuildFile; fileRef = 1BB04691292015EF00F8F949 /* DayModel.swift */; };
		1BB046942920188300F8F949 /* ActivityModel.swift in Sources */ = {isa = PBXBuildFile; fileRef = 1BB046932920188300F8F949 /* ActivityModel.swift */; };
		1BB046BC29355D5800F8F949 /* TripContainerView.swift in Sources */ = {isa = PBXBuildFile; fileRef = 1BB046BB29355D5800F8F949 /* TripContainerView.swift */; };
		1BB046BE29355DBE00F8F949 /* TripView.swift in Sources */ = {isa = PBXBuildFile; fileRef = 1BB046BD29355DBE00F8F949 /* TripView.swift */; };
		1BB046C0293561E700F8F949 /* DayView.swift in Sources */ = {isa = PBXBuildFile; fileRef = 1BB046BF293561E700F8F949 /* DayView.swift */; };
		1BFB74D5291B0D1000E169F8 /* TripsViewModel.swift in Sources */ = {isa = PBXBuildFile; fileRef = 1BFB74D4291B0D1000E169F8 /* TripsViewModel.swift */; };
/* End PBXBuildFile section */

/* Begin PBXFileReference section */
		1B08ED36291AB6D800DD99F7 /* TravelPlanningApp.app */ = {isa = PBXFileReference; explicitFileType = wrapper.application; includeInIndex = 0; path = TravelPlanningApp.app; sourceTree = BUILT_PRODUCTS_DIR; };
		1B08ED39291AB6D800DD99F7 /* TravelPlanningAppApp.swift */ = {isa = PBXFileReference; lastKnownFileType = sourcecode.swift; path = TravelPlanningAppApp.swift; sourceTree = "<group>"; };
		1B08ED3D291AB6D900DD99F7 /* Assets.xcassets */ = {isa = PBXFileReference; lastKnownFileType = folder.assetcatalog; path = Assets.xcassets; sourceTree = "<group>"; };
		1B08ED40291AB6D900DD99F7 /* Preview Assets.xcassets */ = {isa = PBXFileReference; lastKnownFileType = folder.assetcatalog; path = "Preview Assets.xcassets"; sourceTree = "<group>"; };
		1B08ED4A291ABE0600DD99F7 /* CalendarView.swift */ = {isa = PBXFileReference; lastKnownFileType = sourcecode.swift; path = CalendarView.swift; sourceTree = "<group>"; };
		1B08ED4C291ABE1E00DD99F7 /* CreateActivityView.swift */ = {isa = PBXFileReference; lastKnownFileType = sourcecode.swift; path = CreateActivityView.swift; sourceTree = "<group>"; };
		1B08ED4E291ABE3300DD99F7 /* HomepageView.swift */ = {isa = PBXFileReference; lastKnownFileType = sourcecode.swift; path = HomepageView.swift; sourceTree = "<group>"; };
		1B08ED50291AC35E00DD99F7 /* ActivityView.swift */ = {isa = PBXFileReference; lastKnownFileType = sourcecode.swift; path = ActivityView.swift; sourceTree = "<group>"; };
		1B28171F291AE637001708F7 /* TripModel.swift */ = {isa = PBXFileReference; lastKnownFileType = sourcecode.swift; path = TripModel.swift; sourceTree = "<group>"; };
		1BB0468B291FE7EB00F8F949 /* CreateTripView.swift */ = {isa = PBXFileReference; lastKnownFileType = sourcecode.swift; path = CreateTripView.swift; sourceTree = "<group>"; };
		1BB04691292015EF00F8F949 /* DayModel.swift */ = {isa = PBXFileReference; lastKnownFileType = sourcecode.swift; path = DayModel.swift; sourceTree = "<group>"; };
		1BB046932920188300F8F949 /* ActivityModel.swift */ = {isa = PBXFileReference; lastKnownFileType = sourcecode.swift; path = ActivityModel.swift; sourceTree = "<group>"; };
		1BB046BB29355D5800F8F949 /* TripContainerView.swift */ = {isa = PBXFileReference; lastKnownFileType = sourcecode.swift; path = TripContainerView.swift; sourceTree = "<group>"; };
		1BB046BD29355DBE00F8F949 /* TripView.swift */ = {isa = PBXFileReference; lastKnownFileType = sourcecode.swift; path = TripView.swift; sourceTree = "<group>"; };
		1BB046BF293561E700F8F949 /* DayView.swift */ = {isa = PBXFileReference; lastKnownFileType = sourcecode.swift; path = DayView.swift; sourceTree = "<group>"; };
		1BFB74D4291B0D1000E169F8 /* TripsViewModel.swift */ = {isa = PBXFileReference; lastKnownFileType = sourcecode.swift; path = TripsViewModel.swift; sourceTree = "<group>"; };
/* End PBXFileReference section */

/* Begin PBXFrameworksBuildPhase section */
		1B08ED33291AB6D800DD99F7 /* Frameworks */ = {
			isa = PBXFrameworksBuildPhase;
			buildActionMask = 2147483647;
			files = (
			);
			runOnlyForDeploymentPostprocessing = 0;
		};
/* End PBXFrameworksBuildPhase section */

/* Begin PBXGroup section */
		1B08ED2D291AB6D800DD99F7 = {
			isa = PBXGroup;
			children = (
				1B08ED38291AB6D800DD99F7 /* TravelPlanningApp */,
				1B08ED37291AB6D800DD99F7 /* Products */,
			);
			sourceTree = "<group>";
		};
		1B08ED37291AB6D800DD99F7 /* Products */ = {
			isa = PBXGroup;
			children = (
				1B08ED36291AB6D800DD99F7 /* TravelPlanningApp.app */,
			);
			name = Products;
			sourceTree = "<group>";
		};
		1B08ED38291AB6D800DD99F7 /* TravelPlanningApp */ = {
			isa = PBXGroup;
			children = (
				1B08ED49291AB86C00DD99F7 /* Views */,
				1B08ED47291AB85A00DD99F7 /* ViewModels */,
				1B08ED48291AB86300DD99F7 /* Models */,
				1B08ED39291AB6D800DD99F7 /* TravelPlanningAppApp.swift */,
				1B08ED3D291AB6D900DD99F7 /* Assets.xcassets */,
				1B08ED3F291AB6D900DD99F7 /* Preview Content */,
			);
			path = TravelPlanningApp;
			sourceTree = "<group>";
		};
		1B08ED3F291AB6D900DD99F7 /* Preview Content */ = {
			isa = PBXGroup;
			children = (
				1B08ED40291AB6D900DD99F7 /* Preview Assets.xcassets */,
			);
			path = "Preview Content";
			sourceTree = "<group>";
		};
		1B08ED47291AB85A00DD99F7 /* ViewModels */ = {
			isa = PBXGroup;
			children = (
				1BFB74D4291B0D1000E169F8 /* TripsViewModel.swift */,
			);
			path = ViewModels;
			sourceTree = "<group>";
		};
		1B08ED48291AB86300DD99F7 /* Models */ = {
			isa = PBXGroup;
			children = (
				1B28171F291AE637001708F7 /* TripModel.swift */,
				1BB04691292015EF00F8F949 /* DayModel.swift */,
				1BB046932920188300F8F949 /* ActivityModel.swift */,
			);
			path = Models;
			sourceTree = "<group>";
		};
		1B08ED49291AB86C00DD99F7 /* Views */ = {
			isa = PBXGroup;
			children = (
				1B08ED4A291ABE0600DD99F7 /* CalendarView.swift */,
				1B08ED4C291ABE1E00DD99F7 /* CreateActivityView.swift */,
				1B08ED4E291ABE3300DD99F7 /* HomepageView.swift */,
				1B08ED50291AC35E00DD99F7 /* ActivityView.swift */,
				1BB0468B291FE7EB00F8F949 /* CreateTripView.swift */,
				1BB046BB29355D5800F8F949 /* TripContainerView.swift */,
				1BB046BD29355DBE00F8F949 /* TripView.swift */,
				1BB046BF293561E700F8F949 /* DayView.swift */,
			);
			path = Views;
			sourceTree = "<group>";
		};
/* End PBXGroup section */

/* Begin PBXNativeTarget section */
		1B08ED35291AB6D800DD99F7 /* TravelPlanningApp */ = {
			isa = PBXNativeTarget;
			buildConfigurationList = 1B08ED44291AB6D900DD99F7 /* Build configuration list for PBXNativeTarget "TravelPlanningApp" */;
			buildPhases = (
				1B08ED32291AB6D800DD99F7 /* Sources */,
				1B08ED33291AB6D800DD99F7 /* Frameworks */,
				1B08ED34291AB6D800DD99F7 /* Resources */,
			);
			buildRules = (
			);
			dependencies = (
			);
			name = TravelPlanningApp;
			productName = TravelPlanningApp;
			productReference = 1B08ED36291AB6D800DD99F7 /* TravelPlanningApp.app */;
			productType = "com.apple.product-type.application";
		};
/* End PBXNativeTarget section */

/* Begin PBXProject section */
		1B08ED2E291AB6D800DD99F7 /* Project object */ = {
			isa = PBXProject;
			attributes = {
				BuildIndependentTargetsInParallel = 1;
				LastSwiftUpdateCheck = 1340;
				LastUpgradeCheck = 1340;
				TargetAttributes = {
					1B08ED35291AB6D800DD99F7 = {
						CreatedOnToolsVersion = 13.4.1;
					};
				};
			};
			buildConfigurationList = 1B08ED31291AB6D800DD99F7 /* Build configuration list for PBXProject "TravelPlanningApp" */;
			compatibilityVersion = "Xcode 13.0";
			developmentRegion = en;
			hasScannedForEncodings = 0;
			knownRegions = (
				en,
				Base,
			);
			mainGroup = 1B08ED2D291AB6D800DD99F7;
			productRefGroup = 1B08ED37291AB6D800DD99F7 /* Products */;
			projectDirPath = "";
			projectRoot = "";
			targets = (
				1B08ED35291AB6D800DD99F7 /* TravelPlanningApp */,
			);
		};
/* End PBXProject section */

/* Begin PBXResourcesBuildPhase section */
		1B08ED34291AB6D800DD99F7 /* Resources */ = {
			isa = PBXResourcesBuildPhase;
			buildActionMask = 2147483647;
			files = (
				1B08ED41291AB6D900DD99F7 /* Preview Assets.xcassets in Resources */,
				1B08ED3E291AB6D900DD99F7 /* Assets.xcassets in Resources */,
			);
			runOnlyForDeploymentPostprocessing = 0;
		};
/* End PBXResourcesBuildPhase section */

/* Begin PBXSourcesBuildPhase section */
		1B08ED32291AB6D800DD99F7 /* Sources */ = {
			isa = PBXSourcesBuildPhase;
			buildActionMask = 2147483647;
			files = (
				1BB046942920188300F8F949 /* ActivityModel.swift in Sources */,
				1BB046C0293561E700F8F949 /* DayView.swift in Sources */,
				1B08ED4F291ABE3300DD99F7 /* HomepageView.swift in Sources */,
				1B08ED4D291ABE1E00DD99F7 /* CreateActivityView.swift in Sources */,
				1BFB74D5291B0D1000E169F8 /* TripsViewModel.swift in Sources */,
				1BB04692292015EF00F8F949 /* DayModel.swift in Sources */,
				1B281720291AE637001708F7 /* TripModel.swift in Sources */,
				1BB046BC29355D5800F8F949 /* TripContainerView.swift in Sources */,
				1B08ED3A291AB6D800DD99F7 /* TravelPlanningAppApp.swift in Sources */,
				1B08ED51291AC35E00DD99F7 /* ActivityView.swift in Sources */,
				1B08ED4B291ABE0600DD99F7 /* CalendarView.swift in Sources */,
				1BB0468C291FE7EB00F8F949 /* CreateTripView.swift in Sources */,
				1BB046BE29355DBE00F8F949 /* TripView.swift in Sources */,
			);
			runOnlyForDeploymentPostprocessing = 0;
		};
/* End PBXSourcesBuildPhase section */

/* Begin XCBuildConfiguration section */
		1B08ED42291AB6D900DD99F7 /* Debug */ = {
			isa = XCBuildConfiguration;
			buildSettings = {
				ALWAYS_SEARCH_USER_PATHS = NO;
				CLANG_ANALYZER_NONNULL = YES;
				CLANG_ANALYZER_NUMBER_OBJECT_CONVERSION = YES_AGGRESSIVE;
				CLANG_CXX_LANGUAGE_STANDARD = "gnu++17";
				CLANG_ENABLE_MODULES = YES;
				CLANG_ENABLE_OBJC_ARC = YES;
				CLANG_ENABLE_OBJC_WEAK = YES;
				CLANG_WARN_BLOCK_CAPTURE_AUTORELEASING = YES;
				CLANG_WARN_BOOL_CONVERSION = YES;
				CLANG_WARN_COMMA = YES;
				CLANG_WARN_CONSTANT_CONVERSION = YES;
				CLANG_WARN_DEPRECATED_OBJC_IMPLEMENTATIONS = YES;
				CLANG_WARN_DIRECT_OBJC_ISA_USAGE = YES_ERROR;
				CLANG_WARN_DOCUMENTATION_COMMENTS = YES;
				CLANG_WARN_EMPTY_BODY = YES;
				CLANG_WARN_ENUM_CONVERSION = YES;
				CLANG_WARN_INFINITE_RECURSION = YES;
				CLANG_WARN_INT_CONVERSION = YES;
				CLANG_WARN_NON_LITERAL_NULL_CONVERSION = YES;
				CLANG_WARN_OBJC_IMPLICIT_RETAIN_SELF = YES;
				CLANG_WARN_OBJC_LITERAL_CONVERSION = YES;
				CLANG_WARN_OBJC_ROOT_CLASS = YES_ERROR;
				CLANG_WARN_QUOTED_INCLUDE_IN_FRAMEWORK_HEADER = YES;
				CLANG_WARN_RANGE_LOOP_ANALYSIS = YES;
				CLANG_WARN_STRICT_PROTOTYPES = YES;
				CLANG_WARN_SUSPICIOUS_MOVE = YES;
				CLANG_WARN_UNGUARDED_AVAILABILITY = YES_AGGRESSIVE;
				CLANG_WARN_UNREACHABLE_CODE = YES;
				CLANG_WARN__DUPLICATE_METHOD_MATCH = YES;
				COPY_PHASE_STRIP = NO;
				DEBUG_INFORMATION_FORMAT = dwarf;
				ENABLE_STRICT_OBJC_MSGSEND = YES;
				ENABLE_TESTABILITY = YES;
				GCC_C_LANGUAGE_STANDARD = gnu11;
				GCC_DYNAMIC_NO_PIC = NO;
				GCC_NO_COMMON_BLOCKS = YES;
				GCC_OPTIMIZATION_LEVEL = 0;
				GCC_PREPROCESSOR_DEFINITIONS = (
					"DEBUG=1",
					"$(inherited)",
				);
				GCC_WARN_64_TO_32_BIT_CONVERSION = YES;
				GCC_WARN_ABOUT_RETURN_TYPE = YES_ERROR;
				GCC_WARN_UNDECLARED_SELECTOR = YES;
				GCC_WARN_UNINITIALIZED_AUTOS = YES_AGGRESSIVE;
				GCC_WARN_UNUSED_FUNCTION = YES;
				GCC_WARN_UNUSED_VARIABLE = YES;
				IPHONEOS_DEPLOYMENT_TARGET = 15.5;
				MTL_ENABLE_DEBUG_INFO = INCLUDE_SOURCE;
				MTL_FAST_MATH = YES;
				ONLY_ACTIVE_ARCH = YES;
				SDKROOT = iphoneos;
				SWIFT_ACTIVE_COMPILATION_CONDITIONS = DEBUG;
				SWIFT_OPTIMIZATION_LEVEL = "-Onone";
			};
			name = Debug;
		};
		1B08ED43291AB6D900DD99F7 /* Release */ = {
			isa = XCBuildConfiguration;
			buildSettings = {
				ALWAYS_SEARCH_USER_PATHS = NO;
				CLANG_ANALYZER_NONNULL = YES;
				CLANG_ANALYZER_NUMBER_OBJECT_CONVERSION = YES_AGGRESSIVE;
				CLANG_CXX_LANGUAGE_STANDARD = "gnu++17";
				CLANG_ENABLE_MODULES = YES;
				CLANG_ENABLE_OBJC_ARC = YES;
				CLANG_ENABLE_OBJC_WEAK = YES;
				CLANG_WARN_BLOCK_CAPTURE_AUTORELEASING = YES;
				CLANG_WARN_BOOL_CONVERSION = YES;
				CLANG_WARN_COMMA = YES;
				CLANG_WARN_CONSTANT_CONVERSION = YES;
				CLANG_WARN_DEPRECATED_OBJC_IMPLEMENTATIONS = YES;
				CLANG_WARN_DIRECT_OBJC_ISA_USAGE = YES_ERROR;
				CLANG_WARN_DOCUMENTATION_COMMENTS = YES;
				CLANG_WARN_EMPTY_BODY = YES;
				CLANG_WARN_ENUM_CONVERSION = YES;
				CLANG_WARN_INFINITE_RECURSION = YES;
				CLANG_WARN_INT_CONVERSION = YES;
				CLANG_WARN_NON_LITERAL_NULL_CONVERSION = YES;
				CLANG_WARN_OBJC_IMPLICIT_RETAIN_SELF = YES;
				CLANG_WARN_OBJC_LITERAL_CONVERSION = YES;
				CLANG_WARN_OBJC_ROOT_CLASS = YES_ERROR;
				CLANG_WARN_QUOTED_INCLUDE_IN_FRAMEWORK_HEADER = YES;
				CLANG_WARN_RANGE_LOOP_ANALYSIS = YES;
				CLANG_WARN_STRICT_PROTOTYPES = YES;
				CLANG_WARN_SUSPICIOUS_MOVE = YES;
				CLANG_WARN_UNGUARDED_AVAILABILITY = YES_AGGRESSIVE;
				CLANG_WARN_UNREACHABLE_CODE = YES;
				CLANG_WARN__DUPLICATE_METHOD_MATCH = YES;
				COPY_PHASE_STRIP = NO;
				DEBUG_INFORMATION_FORMAT = "dwarf-with-dsym";
				ENABLE_NS_ASSERTIONS = NO;
				ENABLE_STRICT_OBJC_MSGSEND = YES;
				GCC_C_LANGUAGE_STANDARD = gnu11;
				GCC_NO_COMMON_BLOCKS = YES;
				GCC_WARN_64_TO_32_BIT_CONVERSION = YES;
				GCC_WARN_ABOUT_RETURN_TYPE = YES_ERROR;
				GCC_WARN_UNDECLARED_SELECTOR = YES;
				GCC_WARN_UNINITIALIZED_AUTOS = YES_AGGRESSIVE;
				GCC_WARN_UNUSED_FUNCTION = YES;
				GCC_WARN_UNUSED_VARIABLE = YES;
				IPHONEOS_DEPLOYMENT_TARGET = 15.5;
				MTL_ENABLE_DEBUG_INFO = NO;
				MTL_FAST_MATH = YES;
				SDKROOT = iphoneos;
				SWIFT_COMPILATION_MODE = wholemodule;
				SWIFT_OPTIMIZATION_LEVEL = "-O";
				VALIDATE_PRODUCT = YES;
			};
			name = Release;
		};
		1B08ED45291AB6D900DD99F7 /* Debug */ = {
			isa = XCBuildConfiguration;
			buildSettings = {
				ASSETCATALOG_COMPILER_APPICON_NAME = AppIcon;
				ASSETCATALOG_COMPILER_GLOBAL_ACCENT_COLOR_NAME = AccentColor;
				CODE_SIGN_STYLE = Automatic;
				CURRENT_PROJECT_VERSION = 1;
				DEVELOPMENT_ASSET_PATHS = "\"TravelPlanningApp/Preview Content\"";
				ENABLE_PREVIEWS = YES;
				GENERATE_INFOPLIST_FILE = YES;
				INFOPLIST_KEY_UIApplicationSceneManifest_Generation = YES;
				INFOPLIST_KEY_UIApplicationSupportsIndirectInputEvents = YES;
				INFOPLIST_KEY_UILaunchScreen_Generation = YES;
				INFOPLIST_KEY_UISupportedInterfaceOrientations_iPad = "UIInterfaceOrientationPortrait UIInterfaceOrientationPortraitUpsideDown UIInterfaceOrientationLandscapeLeft UIInterfaceOrientationLandscapeRight";
				INFOPLIST_KEY_UISupportedInterfaceOrientations_iPhone = "UIInterfaceOrientationPortrait UIInterfaceOrientationLandscapeLeft UIInterfaceOrientationLandscapeRight";
				LD_RUNPATH_SEARCH_PATHS = (
					"$(inherited)",
					"@executable_path/Frameworks",
				);
				MARKETING_VERSION = 1.0;
				PRODUCT_BUNDLE_IDENTIFIER = tylerj.TravelPlanningApp;
				PRODUCT_NAME = "$(TARGET_NAME)";
				SWIFT_EMIT_LOC_STRINGS = YES;
				SWIFT_VERSION = 5.0;
				TARGETED_DEVICE_FAMILY = "1,2";
			};
			name = Debug;
		};
		1B08ED46291AB6D900DD99F7 /* Release */ = {
			isa = XCBuildConfiguration;
			buildSettings = {
				ASSETCATALOG_COMPILER_APPICON_NAME = AppIcon;
				ASSETCATALOG_COMPILER_GLOBAL_ACCENT_COLOR_NAME = AccentColor;
				CODE_SIGN_STYLE = Automatic;
				CURRENT_PROJECT_VERSION = 1;
				DEVELOPMENT_ASSET_PATHS = "\"TravelPlanningApp/Preview Content\"";
				ENABLE_PREVIEWS = YES;
				GENERATE_INFOPLIST_FILE = YES;
				INFOPLIST_KEY_UIApplicationSceneManifest_Generation = YES;
				INFOPLIST_KEY_UIApplicationSupportsIndirectInputEvents = YES;
				INFOPLIST_KEY_UILaunchScreen_Generation = YES;
				INFOPLIST_KEY_UISupportedInterfaceOrientations_iPad = "UIInterfaceOrientationPortrait UIInterfaceOrientationPortraitUpsideDown UIInterfaceOrientationLandscapeLeft UIInterfaceOrientationLandscapeRight";
				INFOPLIST_KEY_UISupportedInterfaceOrientations_iPhone = "UIInterfaceOrientationPortrait UIInterfaceOrientationLandscapeLeft UIInterfaceOrientationLandscapeRight";
				LD_RUNPATH_SEARCH_PATHS = (
					"$(inherited)",
					"@executable_path/Frameworks",
				);
				MARKETING_VERSION = 1.0;
				PRODUCT_BUNDLE_IDENTIFIER = tylerj.TravelPlanningApp;
				PRODUCT_NAME = "$(TARGET_NAME)";
				SWIFT_EMIT_LOC_STRINGS = YES;
				SWIFT_VERSION = 5.0;
				TARGETED_DEVICE_FAMILY = "1,2";
			};
			name = Release;
		};
/* End XCBuildConfiguration section */

/* Begin XCConfigurationList section */
		1B08ED31291AB6D800DD99F7 /* Build configuration list for PBXProject "TravelPlanningApp" */ = {
			isa = XCConfigurationList;
			buildConfigurations = (
				1B08ED42291AB6D900DD99F7 /* Debug */,
				1B08ED43291AB6D900DD99F7 /* Release */,
			);
			defaultConfigurationIsVisible = 0;
			defaultConfigurationName = Release;
		};
		1B08ED44291AB6D900DD99F7 /* Build configuration list for PBXNativeTarget "TravelPlanningApp" */ = {
			isa = XCConfigurationList;
			buildConfigurations = (
				1B08ED45291AB6D900DD99F7 /* Debug */,
				1B08ED46291AB6D900DD99F7 /* Release */,
			);
			defaultConfigurationIsVisible = 0;
			defaultConfigurationName = Release;
		};
/* End XCConfigurationList section */
	};
	rootObject = 1B08ED2E291AB6D800DD99F7 /* Project object */;
}
